// !$*UTF8*$!
{
	archiveVersion = 1;
	classes = {
	};
	objectVersion = 46;
	objects = {

/* Begin PBXBuildFile section */
		17FFA31B1B26C30E008F80FD /* main.m in Sources */ = {isa = PBXBuildFile; fileRef = 17FFA31A1B26C30E008F80FD /* main.m */; };
		17FFA31E1B26C30E008F80FD /* AppDelegate.m in Sources */ = {isa = PBXBuildFile; fileRef = 17FFA31D1B26C30E008F80FD /* AppDelegate.m */; };
		17FFA3211B26C30E008F80FD /* ViewController.m in Sources */ = {isa = PBXBuildFile; fileRef = 17FFA3201B26C30E008F80FD /* ViewController.m */; };
		17FFA3241B26C30E008F80FD /* Main.storyboard in Resources */ = {isa = PBXBuildFile; fileRef = 17FFA3221B26C30E008F80FD /* Main.storyboard */; };
		17FFA3261B26C30E008F80FD /* Images.xcassets in Resources */ = {isa = PBXBuildFile; fileRef = 17FFA3251B26C30E008F80FD /* Images.xcassets */; };
		17FFA3291B26C30E008F80FD /* LaunchScreen.xib in Resources */ = {isa = PBXBuildFile; fileRef = 17FFA3271B26C30E008F80FD /* LaunchScreen.xib */; };
		17FFA3351B26C30E008F80FD /* UdpTestTests.m in Sources */ = {isa = PBXBuildFile; fileRef = 17FFA3341B26C30E008F80FD /* UdpTestTests.m */; };
/* End PBXBuildFile section */

/* Begin PBXContainerItemProxy section */
		17FFA32F1B26C30E008F80FD /* PBXContainerItemProxy */ = {
			isa = PBXContainerItemProxy;
			containerPortal = 17FFA30D1B26C30E008F80FD /* Project object */;
			proxyType = 1;
			remoteGlobalIDString = 17FFA3141B26C30E008F80FD;
			remoteInfo = UdpTest;
		};
/* End PBXContainerItemProxy section */

/* Begin PBXFileReference section */
		17FFA3151B26C30E008F80FD /* UdpTest.app */ = {isa = PBXFileReference; explicitFileType = wrapper.application; includeInIndex = 0; path = UdpTest.app; sourceTree = BUILT_PRODUCTS_DIR; };
		17FFA3191B26C30E008F80FD /* Info.plist */ = {isa = PBXFileReference; lastKnownFileType = text.plist.xml; path = Info.plist; sourceTree = "<group>"; };
		17FFA31A1B26C30E008F80FD /* main.m */ = {isa = PBXFileReference; lastKnownFileType = sourcecode.c.objc; path = main.m; sourceTree = "<group>"; };
		17FFA31C1B26C30E008F80FD /* AppDelegate.h */ = {isa = PBXFileReference; lastKnownFileType = sourcecode.c.h; path = AppDelegate.h; sourceTree = "<group>"; };
		17FFA31D1B26C30E008F80FD /* AppDelegate.m */ = {isa = PBXFileReference; lastKnownFileType = sourcecode.c.objc; path = AppDelegate.m; sourceTree = "<group>"; };
		17FFA31F1B26C30E008F80FD /* ViewController.h */ = {isa = PBXFileReference; lastKnownFileType = sourcecode.c.h; path = ViewController.h; sourceTree = "<group>"; };
		17FFA3201B26C30E008F80FD /* ViewController.m */ = {isa = PBXFileReference; lastKnownFileType = sourcecode.c.objc; path = ViewController.m; sourceTree = "<group>"; };
		17FFA3231B26C30E008F80FD /* Base */ = {isa = PBXFileReference; lastKnownFileType = file.storyboard; name = Base; path = Base.lproj/Main.storyboard; sourceTree = "<group>"; };
		17FFA3251B26C30E008F80FD /* Images.xcassets */ = {isa = PBXFileReference; lastKnownFileType = folder.assetcatalog; path = Images.xcassets; sourceTree = "<group>"; };
		17FFA3281B26C30E008F80FD /* Base */ = {isa = PBXFileReference; lastKnownFileType = file.xib; name = Base; path = Base.lproj/LaunchScreen.xib; sourceTree = "<group>"; };
		17FFA32E1B26C30E008F80FD /* UdpTestTests.xctest */ = {isa = PBXFileReference; explicitFileType = wrapper.cfbundle; includeInIndex = 0; path = UdpTestTests.xctest; sourceTree = BUILT_PRODUCTS_DIR; };
		17FFA3331B26C30E008F80FD /* Info.plist */ = {isa = PBXFileReference; lastKnownFileType = text.plist.xml; path = Info.plist; sourceTree = "<group>"; };
		17FFA3341B26C30E008F80FD /* UdpTestTests.m */ = {isa = PBXFileReference; lastKnownFileType = sourcecode.c.objc; path = UdpTestTests.m; sourceTree = "<group>"; };
/* End PBXFileReference section */

/* Begin PBXFrameworksBuildPhase section */
		17FFA3121B26C30E008F80FD /* Frameworks */ = {
			isa = PBXFrameworksBuildPhase;
			buildActionMask = 2147483647;
			files = (
			);
			runOnlyForDeploymentPostprocessing = 0;
		};
		17FFA32B1B26C30E008F80FD /* Frameworks */ = {
			isa = PBXFrameworksBuildPhase;
			buildActionMask = 2147483647;
			files = (
			);
			runOnlyForDeploymentPostprocessing = 0;
		};
/* End PBXFrameworksBuildPhase section */

/* Begin PBXGroup section */
		17FFA30C1B26C30E008F80FD = {
			isa = PBXGroup;
			children = (
				17FFA3171B26C30E008F80FD /* UdpTest */,
				17FFA3311B26C30E008F80FD /* UdpTestTests */,
				17FFA3161B26C30E008F80FD /* Products */,
			);
			sourceTree = "<group>";
		};
		17FFA3161B26C30E008F80FD /* Products */ = {
			isa = PBXGroup;
			children = (
				17FFA3151B26C30E008F80FD /* UdpTest.app */,
				17FFA32E1B26C30E008F80FD /* UdpTestTests.xctest */,
			);
			name = Products;
			sourceTree = "<group>";
		};
		17FFA3171B26C30E008F80FD /* UdpTest */ = {
			isa = PBXGroup;
			children = (
				17FFA31C1B26C30E008F80FD /* AppDelegate.h */,
				17FFA31D1B26C30E008F80FD /* AppDelegate.m */,
				17FFA31F1B26C30E008F80FD /* ViewController.h */,
				17FFA3201B26C30E008F80FD /* ViewController.m */,
				17FFA3221B26C30E008F80FD /* Main.storyboard */,
				17FFA3251B26C30E008F80FD /* Images.xcassets */,
				17FFA3271B26C30E008F80FD /* LaunchScreen.xib */,
				17FFA3181B26C30E008F80FD /* Supporting Files */,
			);
			path = UdpTest;
			sourceTree = "<group>";
		};
		17FFA3181B26C30E008F80FD /* Supporting Files */ = {
			isa = PBXGroup;
			children = (
				17FFA3191B26C30E008F80FD /* Info.plist */,
				17FFA31A1B26C30E008F80FD /* main.m */,
			);
			name = "Supporting Files";
			sourceTree = "<group>";
		};
		17FFA3311B26C30E008F80FD /* UdpTestTests */ = {
			isa = PBXGroup;
			children = (
				17FFA3341B26C30E008F80FD /* UdpTestTests.m */,
				17FFA3321B26C30E008F80FD /* Supporting Files */,
			);
			path = UdpTestTests;
			sourceTree = "<group>";
		};
		17FFA3321B26C30E008F80FD /* Supporting Files */ = {
			isa = PBXGroup;
			children = (
				17FFA3331B26C30E008F80FD /* Info.plist */,
			);
			name = "Supporting Files";
			sourceTree = "<group>";
		};
/* End PBXGroup section */

/* Begin PBXNativeTarget section */
		17FFA3141B26C30E008F80FD /* UdpTest */ = {
			isa = PBXNativeTarget;
			buildConfigurationList = 17FFA3381B26C30E008F80FD /* Build configuration list for PBXNativeTarget "UdpTest" */;
			buildPhases = (
				17FFA3111B26C30E008F80FD /* Sources */,
				17FFA3121B26C30E008F80FD /* Frameworks */,
				17FFA3131B26C30E008F80FD /* Resources */,
			);
			buildRules = (
			);
			dependencies = (
			);
			name = UdpTest;
			productName = UdpTest;
			productReference = 17FFA3151B26C30E008F80FD /* UdpTest.app */;
			productType = "com.apple.product-type.application";
		};
		17FFA32D1B26C30E008F80FD /* UdpTestTests */ = {
			isa = PBXNativeTarget;
			buildConfigurationList = 17FFA33B1B26C30E008F80FD /* Build configuration list for PBXNativeTarget "UdpTestTests" */;
			buildPhases = (
				17FFA32A1B26C30E008F80FD /* Sources */,
				17FFA32B1B26C30E008F80FD /* Frameworks */,
				17FFA32C1B26C30E008F80FD /* Resources */,
			);
			buildRules = (
			);
			dependencies = (
				17FFA3301B26C30E008F80FD /* PBXTargetDependency */,
			);
			name = UdpTestTests;
			productName = UdpTestTests;
			productReference = 17FFA32E1B26C30E008F80FD /* UdpTestTests.xctest */;
			productType = "com.apple.product-type.bundle.unit-test";
		};
/* End PBXNativeTarget section */

/* Begin PBXProject section */
		17FFA30D1B26C30E008F80FD /* Project object */ = {
			isa = PBXProject;
			attributes = {
				LastUpgradeCheck = 0630;
				ORGANIZATIONNAME = Landyu;
				TargetAttributes = {
					17FFA3141B26C30E008F80FD = {
						CreatedOnToolsVersion = 6.3.2;
					};
					17FFA32D1B26C30E008F80FD = {
						CreatedOnToolsVersion = 6.3.2;
						TestTargetID = 17FFA3141B26C30E008F80FD;
					};
				};
			};
			buildConfigurationList = 17FFA3101B26C30E008F80FD /* Build configuration list for PBXProject "UdpTest" */;
			compatibilityVersion = "Xcode 3.2";
			developmentRegion = English;
			hasScannedForEncodings = 0;
			knownRegions = (
				en,
				Base,
			);
			mainGroup = 17FFA30C1B26C30E008F80FD;
			productRefGroup = 17FFA3161B26C30E008F80FD /* Products */;
			projectDirPath = "";
			projectRoot = "";
			targets = (
				17FFA3141B26C30E008F80FD /* UdpTest */,
				17FFA32D1B26C30E008F80FD /* UdpTestTests */,
			);
		};
/* End PBXProject section */

/* Begin PBXResourcesBuildPhase section */
		17FFA3131B26C30E008F80FD /* Resources */ = {
			isa = PBXResourcesBuildPhase;
			buildActionMask = 2147483647;
			files = (
				17FFA3241B26C30E008F80FD /* Main.storyboard in Resources */,
				17FFA3291B26C30E008F80FD /* LaunchScreen.xib in Resources */,
				17FFA3261B26C30E008F80FD /* Images.xcassets in Resources */,
			);
			runOnlyForDeploymentPostprocessing = 0;
		};
		17FFA32C1B26C30E008F80FD /* Resources */ = {
			isa = PBXResourcesBuildPhase;
			buildActionMask = 2147483647;
			files = (
			);
			runOnlyForDeploymentPostprocessing = 0;
		};
/* End PBXResourcesBuildPhase section */

/* Begin PBXSourcesBuildPhase section */
		17FFA3111B26C30E008F80FD /* Sources */ = {
			isa = PBXSourcesBuildPhase;
			buildActionMask = 2147483647;
			files = (
				17FFA3211B26C30E008F80FD /* ViewController.m in Sources */,
				17FFA31E1B26C30E008F80FD /* AppDelegate.m in Sources */,
				17FFA31B1B26C30E008F80FD /* main.m in Sources */,
			);
			runOnlyForDeploymentPostprocessing = 0;
		};
		17FFA32A1B26C30E008F80FD /* Sources */ = {
			isa = PBXSourcesBuildPhase;
			buildActionMask = 2147483647;
			files = (
				17FFA3351B26C30E008F80FD /* UdpTestTests.m in Sources */,
			);
			runOnlyForDeploymentPostprocessing = 0;
		};
/* End PBXSourcesBuildPhase section */

/* Begin PBXTargetDependency section */
		17FFA3301B26C30E008F80FD /* PBXTargetDependency */ = {
			isa = PBXTargetDependency;
			target = 17FFA3141B26C30E008F80FD /* UdpTest */;
			targetProxy = 17FFA32F1B26C30E008F80FD /* PBXContainerItemProxy */;
		};
/* End PBXTargetDependency section */

/* Begin PBXVariantGroup section */
		17FFA3221B26C30E008F80FD /* Main.storyboard */ = {
			isa = PBXVariantGroup;
			children = (
				17FFA3231B26C30E008F80FD /* Base */,
			);
			name = Main.storyboard;
			sourceTree = "<group>";
		};
		17FFA3271B26C30E008F80FD /* LaunchScreen.xib */ = {
			isa = PBXVariantGroup;
			children = (
				17FFA3281B26C30E008F80FD /* Base */,
			);
			name = LaunchScreen.xib;
			sourceTree = "<group>";
		};
/* End PBXVariantGroup section */

/* Begin XCBuildConfiguration section */
		17FFA3361B26C30E008F80FD /* Debug */ = {
			isa = XCBuildConfiguration;
			buildSettings = {
				ALWAYS_SEARCH_USER_PATHS = NO;
				CLANG_CXX_LANGUAGE_STANDARD = "gnu++0x";
				CLANG_CXX_LIBRARY = "libc++";
				CLANG_ENABLE_MODULES = YES;
				CLANG_ENABLE_OBJC_ARC = YES;
				CLANG_WARN_BOOL_CONVERSION = YES;
				CLANG_WARN_CONSTANT_CONVERSION = YES;
				CLANG_WARN_DIRECT_OBJC_ISA_USAGE = YES_ERROR;
				CLANG_WARN_EMPTY_BODY = YES;
				CLANG_WARN_ENUM_CONVERSION = YES;
				CLANG_WARN_INT_CONVERSION = YES;
				CLANG_WARN_OBJC_ROOT_CLASS = YES_ERROR;
				CLANG_WARN_UNREACHABLE_CODE = YES;
				CLANG_WARN__DUPLICATE_METHOD_MATCH = YES;
				"CODE_SIGN_IDENTITY[sdk=iphoneos*]" = "iPhone Developer";
				COPY_PHASE_STRIP = NO;
				DEBUG_INFORMATION_FORMAT = "dwarf-with-dsym";
				ENABLE_STRICT_OBJC_MSGSEND = YES;
				GCC_C_LANGUAGE_STANDARD = gnu99;
				GCC_DYNAMIC_NO_PIC = NO;
				GCC_NO_COMMON_BLOCKS = YES;
				GCC_OPTIMIZATION_LEVEL = 0;
				GCC_PREPROCESSOR_DEFINITIONS = (
					"DEBUG=1",
					"$(inherited)",
				);
				GCC_SYMBOLS_PRIVATE_EXTERN = NO;
				GCC_WARN_64_TO_32_BIT_CONVERSION = YES;
				GCC_WARN_ABOUT_RETURN_TYPE = YES_ERROR;
				GCC_WARN_UNDECLARED_SELECTOR = YES;
				GCC_WARN_UNINITIALIZED_AUTOS = YES_AGGRESSIVE;
				GCC_WARN_UNUSED_FUNCTION = YES;
				GCC_WARN_UNUSED_VARIABLE = YES;
				IPHONEOS_DEPLOYMENT_TARGET = 8.3;
				MTL_ENABLE_DEBUG_INFO = YES;
				ONLY_ACTIVE_ARCH = YES;
				SDKROOT = iphoneos;
				TARGETED_DEVICE_FAMILY = "1,2";
			};
			name = Debug;
		};
		17FFA3371B26C30E008F80FD /* Release */ = {
			isa = XCBuildConfiguration;
			buildSettings = {
				ALWAYS_SEARCH_USER_PATHS = NO;
				CLANG_CXX_LANGUAGE_STANDARD = "gnu++0x";
				CLANG_CXX_LIBRARY = "libc++";
				CLANG_ENABLE_MODULES = YES;
				CLANG_ENABLE_OBJC_ARC = YES;
				CLANG_WARN_BOOL_CONVERSION = YES;
				CLANG_WARN_CONSTANT_CONVERSION = YES;
				CLANG_WARN_DIRECT_OBJC_ISA_USAGE = YES_ERROR;
				CLANG_WARN_EMPTY_BODY = YES;
				CLANG_WARN_ENUM_CONVERSION = YES;
				CLANG_WARN_INT_CONVERSION = YES;
				CLANG_WARN_OBJC_ROOT_CLASS = YES_ERROR;
				CLANG_WARN_UNREACHABLE_CODE = YES;
				CLANG_WARN__DUPLICATE_METHOD_MATCH = YES;
				"CODE_SIGN_IDENTITY[sdk=iphoneos*]" = "iPhone Developer";
				COPY_PHASE_STRIP = NO;
				DEBUG_INFORMATION_FORMAT = "dwarf-with-dsym";
				ENABLE_NS_ASSERTIONS = NO;
				ENABLE_STRICT_OBJC_MSGSEND = YES;
				GCC_C_LANGUAGE_STANDARD = gnu99;
				GCC_NO_COMMON_BLOCKS = YES;
				GCC_WARN_64_TO_32_BIT_CONVERSION = YES;
				GCC_WARN_ABOUT_RETURN_TYPE = YES_ERROR;
				GCC_WARN_UNDECLARED_SELECTOR = YES;
				GCC_WARN_UNINITIALIZED_AUTOS = YES_AGGRESSIVE;
				GCC_WARN_UNUSED_FUNCTION = YES;
				GCC_WARN_UNUSED_VARIABLE = YES;
				IPHONEOS_DEPLOYMENT_TARGET = 8.3;
				MTL_ENABLE_DEBUG_INFO = NO;
				SDKROOT = iphoneos;
				TARGETED_DEVICE_FAMILY = "1,2";
				VALIDATE_PRODUCT = YES;
			};
			name = Release;
		};
		17FFA3391B26C30E008F80FD /* Debug */ = {
			isa = XCBuildConfiguration;
			buildSettings = {
				ASSETCATALOG_COMPILER_APPICON_NAME = AppIcon;
				INFOPLIST_FILE = UdpTest/Info.plist;
				LD_RUNPATH_SEARCH_PATHS = "$(inherited) @executable_path/Frameworks";
				PRODUCT_NAME = "$(TARGET_NAME)";
			};
			name = Debug;
		};
		17FFA33A1B26C30E008F80FD /* Release */ = {
			isa = XCBuildConfiguration;
			buildSettings = {
				ASSETCATALOG_COMPILER_APPICON_NAME = AppIcon;
				INFOPLIST_FILE = UdpTest/Info.plist;
				LD_RUNPATH_SEARCH_PATHS = "$(inherited) @executable_path/Frameworks";
				PRODUCT_NAME = "$(TARGET_NAME)";
			};
			name = Release;
		};
		17FFA33C1B26C30E008F80FD /* Debug */ = {
			isa = XCBuildConfiguration;
			buildSettings = {
				BUNDLE_LOADER = "$(TEST_HOST)";
				FRAMEWORK_SEARCH_PATHS = (
					"$(SDKROOT)/Developer/Library/Frameworks",
					"$(inherited)",
				);
				GCC_PREPROCESSOR_DEFINITIONS = (
					"DEBUG=1",
					"$(inherited)",
				);
				INFOPLIST_FILE = UdpTestTests/Info.plist;
				LD_RUNPATH_SEARCH_PATHS = "$(inherited) @executable_path/Frameworks @loader_path/Frameworks";
				PRODUCT_NAME = "$(TARGET_NAME)";
				TEST_HOST = "$(BUILT_PRODUCTS_DIR)/UdpTest.app/UdpTest";
			};
			name = Debug;
		};
		17FFA33D1B26C30E008F80FD /* Release */ = {
			isa = XCBuildConfiguration;
			buildSettings = {
				BUNDLE_LOADER = "$(TEST_HOST)";
				FRAMEWORK_SEARCH_PATHS = (
					"$(SDKROOT)/Developer/Library/Frameworks",
					"$(inherited)",
				);
				INFOPLIST_FILE = UdpTestTests/Info.plist;
				LD_RUNPATH_SEARCH_PATHS = "$(inherited) @executable_path/Frameworks @loader_path/Frameworks";
				PRODUCT_NAME = "$(TARGET_NAME)";
				TEST_HOST = "$(BUILT_PRODUCTS_DIR)/UdpTest.app/UdpTest";
			};
			name = Release;
		};
/* End XCBuildConfiguration section */

/* Begin XCConfigurationList section */
		17FFA3101B26C30E008F80FD /* Build configuration list for PBXProject "UdpTest" */ = {
			isa = XCConfigurationList;
			buildConfigurations = (
				17FFA3361B26C30E008F80FD /* Debug */,
				17FFA3371B26C30E008F80FD /* Release */,
			);
			defaultConfigurationIsVisible = 0;
			defaultConfigurationName = Release;
		};
		17FFA3381B26C30E008F80FD /* Build configuration list for PBXNativeTarget "UdpTest" */ = {
			isa = XCConfigurationList;
			buildConfigurations = (
				17FFA3391B26C30E008F80FD /* Debug */,
				17FFA33A1B26C30E008F80FD /* Release */,
			);
			defaultConfigurationIsVisible = 0;
		};
		17FFA33B1B26C30E008F80FD /* Build configuration list for PBXNativeTarget "UdpTestTests" */ = {
			isa = XCConfigurationList;
			buildConfigurations = (
				17FFA33C1B26C30E008F80FD /* Debug */,
				17FFA33D1B26C30E008F80FD /* Release */,
			);
			defaultConfigurationIsVisible = 0;
		};
/* End XCConfigurationList section */
	};
	rootObject = 17FFA30D1B26C30E008F80FD /* Project object */;
}
